// !$*UTF8*$!
{
	archiveVersion = 1;
	classes = {
	};
	objectVersion = 46;
	objects = {

/* Begin PBXBuildFile section */
		5AF1890B1E6E421500D6514A /* AppDelegate.swift in Sources */ = {isa = PBXBuildFile; fileRef = 5AF1890A1E6E421500D6514A /* AppDelegate.swift */; };
		5AF1890D1E6E421500D6514A /* ViewController.swift in Sources */ = {isa = PBXBuildFile; fileRef = 5AF1890C1E6E421500D6514A /* ViewController.swift */; };
		5AF189101E6E421500D6514A /* Main.storyboard in Resources */ = {isa = PBXBuildFile; fileRef = 5AF1890E1E6E421500D6514A /* Main.storyboard */; };
		5AF189121E6E421500D6514A /* Assets.xcassets in Resources */ = {isa = PBXBuildFile; fileRef = 5AF189111E6E421500D6514A /* Assets.xcassets */; };
		5AF189151E6E421500D6514A /* LaunchScreen.storyboard in Resources */ = {isa = PBXBuildFile; fileRef = 5AF189131E6E421500D6514A /* LaunchScreen.storyboard */; };
		5AF189221E6E424900D6514A /* Queso.swift in Sources */ = {isa = PBXBuildFile; fileRef = 5AF1891C1E6E424900D6514A /* Queso.swift */; };
		5AF189231E6E424900D6514A /* Eleccion.swift in Sources */ = {isa = PBXBuildFile; fileRef = 5AF1891D1E6E424900D6514A /* Eleccion.swift */; };
		5AF189241E6E424900D6514A /* Tamano.swift in Sources */ = {isa = PBXBuildFile; fileRef = 5AF1891E1E6E424900D6514A /* Tamano.swift */; };
		5AF189251E6E424900D6514A /* Masa.swift in Sources */ = {isa = PBXBuildFile; fileRef = 5AF1891F1E6E424900D6514A /* Masa.swift */; };
		5AF189261E6E424900D6514A /* Ingredientes.swift in Sources */ = {isa = PBXBuildFile; fileRef = 5AF189201E6E424900D6514A /* Ingredientes.swift */; };
		5AF189271E6E424900D6514A /* Final.swift in Sources */ = {isa = PBXBuildFile; fileRef = 5AF189211E6E424900D6514A /* Final.swift */; };
/* End PBXBuildFile section */

/* Begin PBXFileReference section */
		5AF189071E6E421500D6514A /* Pizzas2.app */ = {isa = PBXFileReference; explicitFileType = wrapper.application; includeInIndex = 0; path = Pizzas2.app; sourceTree = BUILT_PRODUCTS_DIR; };
		5AF1890A1E6E421500D6514A /* AppDelegate.swift */ = {isa = PBXFileReference; lastKnownFileType = sourcecode.swift; path = AppDelegate.swift; sourceTree = "<group>"; };
		5AF1890C1E6E421500D6514A /* ViewController.swift */ = {isa = PBXFileReference; lastKnownFileType = sourcecode.swift; path = ViewController.swift; sourceTree = "<group>"; };
		5AF1890F1E6E421500D6514A /* Base */ = {isa = PBXFileReference; lastKnownFileType = file.storyboard; name = Base; path = Base.lproj/Main.storyboard; sourceTree = "<group>"; };
		5AF189111E6E421500D6514A /* Assets.xcassets */ = {isa = PBXFileReference; lastKnownFileType = folder.assetcatalog; path = Assets.xcassets; sourceTree = "<group>"; };
		5AF189141E6E421500D6514A /* Base */ = {isa = PBXFileReference; lastKnownFileType = file.storyboard; name = Base; path = Base.lproj/LaunchScreen.storyboard; sourceTree = "<group>"; };
		5AF189161E6E421500D6514A /* Info.plist */ = {isa = PBXFileReference; lastKnownFileType = text.plist.xml; path = Info.plist; sourceTree = "<group>"; };
		5AF1891C1E6E424900D6514A /* Queso.swift */ = {isa = PBXFileReference; fileEncoding = 4; lastKnownFileType = sourcecode.swift; path = Queso.swift; sourceTree = "<group>"; };
		5AF1891D1E6E424900D6514A /* Eleccion.swift */ = {isa = PBXFileReference; fileEncoding = 4; lastKnownFileType = sourcecode.swift; path = Eleccion.swift; sourceTree = "<group>"; };
		5AF1891E1E6E424900D6514A /* Tamano.swift */ = {isa = PBXFileReference; fileEncoding = 4; lastKnownFileType = sourcecode.swift; path = Tamano.swift; sourceTree = "<group>"; };
		5AF1891F1E6E424900D6514A /* Masa.swift */ = {isa = PBXFileReference; fileEncoding = 4; lastKnownFileType = sourcecode.swift; path = Masa.swift; sourceTree = "<group>"; };
		5AF189201E6E424900D6514A /* Ingredientes.swift */ = {isa = PBXFileReference; fileEncoding = 4; lastKnownFileType = sourcecode.swift; path = Ingredientes.swift; sourceTree = "<group>"; };
		5AF189211E6E424900D6514A /* Final.swift */ = {isa = PBXFileReference; fileEncoding = 4; lastKnownFileType = sourcecode.swift; path = Final.swift; sourceTree = "<group>"; };
/* End PBXFileReference section */

/* Begin PBXFrameworksBuildPhase section */
		5AF189041E6E421500D6514A /* Frameworks */ = {
			isa = PBXFrameworksBuildPhase;
			buildActionMask = 2147483647;
			files = (
			);
			runOnlyForDeploymentPostprocessing = 0;
		};
/* End PBXFrameworksBuildPhase section */

/* Begin PBXGroup section */
		5AF188FE1E6E421500D6514A = {
			isa = PBXGroup;
			children = (
				5AF189091E6E421500D6514A /* Pizzas2 */,
				5AF189081E6E421500D6514A /* Products */,
			);
			sourceTree = "<group>";
		};
		5AF189081E6E421500D6514A /* Products */ = {
			isa = PBXGroup;
			children = (
				5AF189071E6E421500D6514A /* Pizzas2.app */,
			);
			name = Products;
			sourceTree = "<group>";
		};
		5AF189091E6E421500D6514A /* Pizzas2 */ = {
			isa = PBXGroup;
			children = (
				5AF1890A1E6E421500D6514A /* AppDelegate.swift */,
				5AF1890C1E6E421500D6514A /* ViewController.swift */,
				5AF1890E1E6E421500D6514A /* Main.storyboard */,
				5AF189111E6E421500D6514A /* Assets.xcassets */,
				5AF189131E6E421500D6514A /* LaunchScreen.storyboard */,
				5AF189161E6E421500D6514A /* Info.plist */,
				5AF1891C1E6E424900D6514A /* Queso.swift */,
				5AF1891D1E6E424900D6514A /* Eleccion.swift */,
				5AF1891E1E6E424900D6514A /* Tamano.swift */,
				5AF1891F1E6E424900D6514A /* Masa.swift */,
				5AF189201E6E424900D6514A /* Ingredientes.swift */,
				5AF189211E6E424900D6514A /* Final.swift */,
			);
			path = Pizzas2;
			sourceTree = "<group>";
		};
/* End PBXGroup section */

/* Begin PBXNativeTarget section */
		5AF189061E6E421500D6514A /* Pizzas2 */ = {
			isa = PBXNativeTarget;
			buildConfigurationList = 5AF189191E6E421500D6514A /* Build configuration list for PBXNativeTarget "Pizzas2" */;
			buildPhases = (
				5AF189031E6E421500D6514A /* Sources */,
				5AF189041E6E421500D6514A /* Frameworks */,
				5AF189051E6E421500D6514A /* Resources */,
			);
			buildRules = (
			);
			dependencies = (
			);
			name = Pizzas2;
			productName = Pizzas2;
			productReference = 5AF189071E6E421500D6514A /* Pizzas2.app */;
			productType = "com.apple.product-type.application";
		};
/* End PBXNativeTarget section */

/* Begin PBXProject section */
		5AF188FF1E6E421500D6514A /* Project object */ = {
			isa = PBXProject;
			attributes = {
				LastSwiftUpdateCheck = 0820;
				LastUpgradeCheck = 0820;
				ORGANIZATIONNAME = "David Osses Mena";
				TargetAttributes = {
					5AF189061E6E421500D6514A = {
						CreatedOnToolsVersion = 8.2.1;
						DevelopmentTeam = 95396P575U;
						ProvisioningStyle = Automatic;
					};
				};
			};
			buildConfigurationList = 5AF189021E6E421500D6514A /* Build configuration list for PBXProject "Pizzas2" */;
			compatibilityVersion = "Xcode 3.2";
			developmentRegion = English;
			hasScannedForEncodings = 0;
			knownRegions = (
				en,
				Base,
			);
			mainGroup = 5AF188FE1E6E421500D6514A;
			productRefGroup = 5AF189081E6E421500D6514A /* Products */;
			projectDirPath = "";
			projectRoot = "";
			targets = (
				5AF189061E6E421500D6514A /* Pizzas2 */,
			);
		};
/* End PBXProject section */

/* Begin PBXResourcesBuildPhase section */
		5AF189051E6E421500D6514A /* Resources */ = {
			isa = PBXResourcesBuildPhase;
			buildActionMask = 2147483647;
			files = (
				5AF189151E6E421500D6514A /* LaunchScreen.storyboard in Resources */,
				5AF189121E6E421500D6514A /* Assets.xcassets in Resources */,
				5AF189101E6E421500D6514A /* Main.storyboard in Resources */,
			);
			runOnlyForDeploymentPostprocessing = 0;
		};
/* End PBXResourcesBuildPhase section */

/* Begin PBXSourcesBuildPhase section */
		5AF189031E6E421500D6514A /* Sources */ = {
			isa = PBXSourcesBuildPhase;
			buildActionMask = 2147483647;
			files = (
				5AF189271E6E424900D6514A /* Final.swift in Sources */,
				5AF1890D1E6E421500D6514A /* ViewController.swift in Sources */,
				5AF189221E6E424900D6514A /* Queso.swift in Sources */,
				5AF1890B1E6E421500D6514A /* AppDelegate.swift in Sources */,
				5AF189241E6E424900D6514A /* Tamano.swift in Sources */,
				5AF189261E6E424900D6514A /* Ingredientes.swift in Sources */,
				5AF189231E6E424900D6514A /* Eleccion.swift in Sources */,
				5AF189251E6E424900D6514A /* Masa.swift in Sources */,
			);
			runOnlyForDeploymentPostprocessing = 0;
		};
/* End PBXSourcesBuildPhase section */

/* Begin PBXVariantGroup section */
		5AF1890E1E6E421500D6514A /* Main.storyboard */ = {
			isa = PBXVariantGroup;
			children = (
				5AF1890F1E6E421500D6514A /* Base */,
			);
			name = Main.storyboard;
			sourceTree = "<group>";
		};
		5AF189131E6E421500D6514A /* LaunchScreen.storyboard */ = {
			isa = PBXVariantGroup;
			children = (
				5AF189141E6E421500D6514A /* Base */,
			);
			name = LaunchScreen.storyboard;
			sourceTree = "<group>";
		};
/* End PBXVariantGroup section */

/* Begin XCBuildConfiguration section */
		5AF189171E6E421500D6514A /* Debug */ = {
			isa = XCBuildConfiguration;
			buildSettings = {
				ALWAYS_SEARCH_USER_PATHS = NO;
				CLANG_ANALYZER_NONNULL = YES;
				CLANG_CXX_LANGUAGE_STANDARD = "gnu++0x";
				CLANG_CXX_LIBRARY = "libc++";
				CLANG_ENABLE_MODULES = YES;
				CLANG_ENABLE_OBJC_ARC = YES;
				CLANG_WARN_BOOL_CONVERSION = YES;
				CLANG_WARN_CONSTANT_CONVERSION = YES;
				CLANG_WARN_DIRECT_OBJC_ISA_USAGE = YES_ERROR;
				CLANG_WARN_DOCUMENTATION_COMMENTS = YES;
				CLANG_WARN_EMPTY_BODY = YES;
				CLANG_WARN_ENUM_CONVERSION = YES;
				CLANG_WARN_INFINITE_RECURSION = YES;
				CLANG_WARN_INT_CONVERSION = YES;
				CLANG_WARN_OBJC_ROOT_CLASS = YES_ERROR;
				CLANG_WARN_SUSPICIOUS_MOVE = YES;
				CLANG_WARN_UNREACHABLE_CODE = YES;
				CLANG_WARN__DUPLICATE_METHOD_MATCH = YES;
				"CODE_SIGN_IDENTITY[sdk=iphoneos*]" = "iPhone Developer";
				COPY_PHASE_STRIP = NO;
				DEBUG_INFORMATION_FORMAT = dwarf;
				ENABLE_STRICT_OBJC_MSGSEND = YES;
				ENABLE_TESTABILITY = YES;
				GCC_C_LANGUAGE_STANDARD = gnu99;
				GCC_DYNAMIC_NO_PIC = NO;
				GCC_NO_COMMON_BLOCKS = YES;
				GCC_OPTIMIZATION_LEVEL = 0;
				GCC_PREPROCESSOR_DEFINITIONS = (
					"DEBUG=1",
					"$(inherited)",
				);
				GCC_WARN_64_TO_32_BIT_CONVERSION = YES;
				GCC_WARN_ABOUT_RETURN_TYPE = YES_ERROR;
				GCC_WARN_UNDECLARED_SELECTOR = YES;
				GCC_WARN_UNINITIALIZED_AUTOS = YES_AGGRESSIVE;
				GCC_WARN_UNUSED_FUNCTION = YES;
				GCC_WARN_UNUSED_VARIABLE = YES;
				IPHONEOS_DEPLOYMENT_TARGET = 10.2;
				MTL_ENABLE_DEBUG_INFO = YES;
				ONLY_ACTIVE_ARCH = YES;
				SDKROOT = iphoneos;
				SWIFT_ACTIVE_COMPILATION_CONDITIONS = DEBUG;
				SWIFT_OPTIMIZATION_LEVEL = "-Onone";
				TARGETED_DEVICE_FAMILY = "1,2";
			};
			name = Debug;
		};
		5AF189181E6E421500D6514A /* Release */ = {
			isa = XCBuildConfiguration;
			buildSettings = {
				ALWAYS_SEARCH_USER_PATHS = NO;
				CLANG_ANALYZER_NONNULL = YES;
				CLANG_CXX_LANGUAGE_STANDARD = "gnu++0x";
				CLANG_CXX_LIBRARY = "libc++";
				CLANG_ENABLE_MODULES = YES;
				CLANG_ENABLE_OBJC_ARC = YES;
				CLANG_WARN_BOOL_CONVERSION = YES;
				CLANG_WARN_CONSTANT_CONVERSION = YES;
				CLANG_WARN_DIRECT_OBJC_ISA_USAGE = YES_ERROR;
				CLANG_WARN_DOCUMENTATION_COMMENTS = YES;
				CLANG_WARN_EMPTY_BODY = YES;
				CLANG_WARN_ENUM_CONVERSION = YES;
				CLANG_WARN_INFINITE_RECURSION = YES;
				CLANG_WARN_INT_CONVERSION = YES;
				CLANG_WARN_OBJC_ROOT_CLASS = YES_ERROR;
				CLANG_WARN_SUSPICIOUS_MOVE = YES;
				CLANG_WARN_UNREACHABLE_CODE = YES;
				CLANG_WARN__DUPLICATE_METHOD_MATCH = YES;
				"CODE_SIGN_IDENTITY[sdk=iphoneos*]" = "iPhone Developer";
				COPY_PHASE_STRIP = NO;
				DEBUG_INFORMATION_FORMAT = "dwarf-with-dsym";
				ENABLE_NS_ASSERTIONS = NO;
				ENABLE_STRICT_OBJC_MSGSEND = YES;
				GCC_C_LANGUAGE_STANDARD = gnu99;
				GCC_NO_COMMON_BLOCKS = YES;
				GCC_WARN_64_TO_32_BIT_CONVERSION = YES;
				GCC_WARN_ABOUT_RETURN_TYPE = YES_ERROR;
				GCC_WARN_UNDECLARED_SELECTOR = YES;
				GCC_WARN_UNINITIALIZED_AUTOS = YES_AGGRESSIVE;
				GCC_WARN_UNUSED_FUNCTION = YES;
				GCC_WARN_UNUSED_VARIABLE = YES;
				IPHONEOS_DEPLOYMENT_TARGET = 10.2;
				MTL_ENABLE_DEBUG_INFO = NO;
				SDKROOT = iphoneos;
				SWIFT_OPTIMIZATION_LEVEL = "-Owholemodule";
				TARGETED_DEVICE_FAMILY = "1,2";
				VALIDATE_PRODUCT = YES;
			};
			name = Release;
		};
		5AF1891A1E6E421500D6514A /* Debug */ = {
			isa = XCBuildConfiguration;
			buildSettings = {
				ASSETCATALOG_COMPILER_APPICON_NAME = AppIcon;
				DEVELOPMENT_TEAM = 95396P575U;
				INFOPLIST_FILE = Pizzas2/Info.plist;
				LD_RUNPATH_SEARCH_PATHS = "$(inherited) @executable_path/Frameworks";
				PRODUCT_BUNDLE_IDENTIFIER = Pizzas2;
				PRODUCT_NAME = "$(TARGET_NAME)";
				SWIFT_VERSION = 3.0;
			};
			name = Debug;
		};
		5AF1891B1E6E421500D6514A /* Release */ = {
			isa = XCBuildConfiguration;
			buildSettings = {
				ASSETCATALOG_COMPILER_APPICON_NAME = AppIcon;
				DEVELOPMENT_TEAM = 95396P575U;
				INFOPLIST_FILE = Pizzas2/Info.plist;
				LD_RUNPATH_SEARCH_PATHS = "$(inherited) @executable_path/Frameworks";
				PRODUCT_BUNDLE_IDENTIFIER = Pizzas2;
				PRODUCT_NAME = "$(TARGET_NAME)";
				SWIFT_VERSION = 3.0;
			};
			name = Release;
		};
/* End XCBuildConfiguration section */

/* Begin XCConfigurationList section */
		5AF189021E6E421500D6514A /* Build configuration list for PBXProject "Pizzas2" */ = {
			isa = XCConfigurationList;
			buildConfigurations = (
				5AF189171E6E421500D6514A /* Debug */,
				5AF189181E6E421500D6514A /* Release */,
			);
			defaultConfigurationIsVisible = 0;
			defaultConfigurationName = Release;
		};
		5AF189191E6E421500D6514A /* Build configuration list for PBXNativeTarget "Pizzas2" */ = {
			isa = XCConfigurationList;
			buildConfigurations = (
				5AF1891A1E6E421500D6514A /* Debug */,
				5AF1891B1E6E421500D6514A /* Release */,
			);
			defaultConfigurationIsVisible = 0;
		};
/* End XCConfigurationList section */
	};
	rootObject = 5AF188FF1E6E421500D6514A /* Project object */;
}
